
Microsoft Visual Studio Solution File, Format Version 12.00
# Visual Studio Version 16
VisualStudioVersion = 16.0.31702.278
MinimumVisualStudioVersion = 10.0.40219.1
Project("{FAE04EC0-301F-11D3-BF4B-00C04F79EFBC}") = "StructYapilar", "StructYapilar\StructYapilar.csproj", "{19689275-F751-4AB1-BF0A-CED330E88124}"
EndProject
Global
	GlobalSection(SolutionConfigurationPlatforms) = preSolution
		Debug|Any CPU = Debug|Any CPU
		Release|Any CPU = Release|Any CPU
	EndGlobalSection
	GlobalSection(ProjectConfigurationPlatforms) = postSolution
		{19689275-F751-4AB1-BF0A-CED330E88124}.Debug|Any CPU.ActiveCfg = Debug|Any CPU
		{19689275-F751-4AB1-BF0A-CED330E88124}.Debug|Any CPU.Build.0 = Debug|Any CPU
		{19689275-F751-4AB1-BF0A-CED330E88124}.Release|Any CPU.ActiveCfg = Release|Any CPU
		{19689275-F751-4AB1-BF0A-CED330E88124}.Release|Any CPU.Build.0 = Release|Any CPU
	EndGlobalSection
	GlobalSection(SolutionProperties) = preSolution
		HideSolutionNode = FALSE
	EndGlobalSection
	GlobalSection(ExtensibilityGlobals) = postSolution
		SolutionGuid = {FF2DF01A-9B2D-41C8-89E2-18E82FF07C9D}
	EndGlobalSection
EndGlobal
