
Microsoft Visual Studio Solution File, Format Version 12.00
# Visual Studio Version 16
VisualStudioVersion = 16.0.31321.278
MinimumVisualStudioVersion = 10.0.40219.1
Project("{9A19103F-16F7-4668-BE54-9A1E7A4F7556}") = "DataAccess", "DataAccess\DataAccess.csproj", "{FBD745AF-DC76-4AC2-B698-447FB983625B}"
EndProject
Project("{9A19103F-16F7-4668-BE54-9A1E7A4F7556}") = "Business", "Business\Business.csproj", "{CE8AE82D-4D67-419A-B56E-6FCC015FDCDA}"
EndProject
Project("{9A19103F-16F7-4668-BE54-9A1E7A4F7556}") = "Entities", "Entities\Entities.csproj", "{63B4372F-5372-4C6C-A40F-CE0F46630B58}"
EndProject
Project("{9A19103F-16F7-4668-BE54-9A1E7A4F7556}") = "ConsoleUI", "ConsoleUI\ConsoleUI.csproj", "{AE27E1C7-7FE6-4F5B-9B86-1FB2CAA3DD4F}"
EndProject
Project("{9A19103F-16F7-4668-BE54-9A1E7A4F7556}") = "Core", "Core\Core.csproj", "{D309C1A4-7090-42CE-9A62-2617F82ADA01}"
EndProject
Project("{FAE04EC0-301F-11D3-BF4B-00C04F79EFBC}") = "WebAPI", "WebAPI\WebAPI.csproj", "{7594A979-99B8-4BD6-9E01-C2EE225C7C16}"
EndProject
Global
	GlobalSection(SolutionConfigurationPlatforms) = preSolution
		Debug|Any CPU = Debug|Any CPU
		Release|Any CPU = Release|Any CPU
	EndGlobalSection
	GlobalSection(ProjectConfigurationPlatforms) = postSolution
		{FBD745AF-DC76-4AC2-B698-447FB983625B}.Debug|Any CPU.ActiveCfg = Debug|Any CPU
		{FBD745AF-DC76-4AC2-B698-447FB983625B}.Debug|Any CPU.Build.0 = Debug|Any CPU
		{FBD745AF-DC76-4AC2-B698-447FB983625B}.Release|Any CPU.ActiveCfg = Release|Any CPU
		{FBD745AF-DC76-4AC2-B698-447FB983625B}.Release|Any CPU.Build.0 = Release|Any CPU
		{CE8AE82D-4D67-419A-B56E-6FCC015FDCDA}.Debug|Any CPU.ActiveCfg = Debug|Any CPU
		{CE8AE82D-4D67-419A-B56E-6FCC015FDCDA}.Debug|Any CPU.Build.0 = Debug|Any CPU
		{CE8AE82D-4D67-419A-B56E-6FCC015FDCDA}.Release|Any CPU.ActiveCfg = Release|Any CPU
		{CE8AE82D-4D67-419A-B56E-6FCC015FDCDA}.Release|Any CPU.Build.0 = Release|Any CPU
		{63B4372F-5372-4C6C-A40F-CE0F46630B58}.Debug|Any CPU.ActiveCfg = Debug|Any CPU
		{63B4372F-5372-4C6C-A40F-CE0F46630B58}.Debug|Any CPU.Build.0 = Debug|Any CPU
		{63B4372F-5372-4C6C-A40F-CE0F46630B58}.Release|Any CPU.ActiveCfg = Release|Any CPU
		{63B4372F-5372-4C6C-A40F-CE0F46630B58}.Release|Any CPU.Build.0 = Release|Any CPU
		{AE27E1C7-7FE6-4F5B-9B86-1FB2CAA3DD4F}.Debug|Any CPU.ActiveCfg = Debug|Any CPU
		{AE27E1C7-7FE6-4F5B-9B86-1FB2CAA3DD4F}.Debug|Any CPU.Build.0 = Debug|Any CPU
		{AE27E1C7-7FE6-4F5B-9B86-1FB2CAA3DD4F}.Release|Any CPU.ActiveCfg = Release|Any CPU
		{AE27E1C7-7FE6-4F5B-9B86-1FB2CAA3DD4F}.Release|Any CPU.Build.0 = Release|Any CPU
		{D309C1A4-7090-42CE-9A62-2617F82ADA01}.Debug|Any CPU.ActiveCfg = Debug|Any CPU
		{D309C1A4-7090-42CE-9A62-2617F82ADA01}.Debug|Any CPU.Build.0 = Debug|Any CPU
		{D309C1A4-7090-42CE-9A62-2617F82ADA01}.Release|Any CPU.ActiveCfg = Release|Any CPU
		{D309C1A4-7090-42CE-9A62-2617F82ADA01}.Release|Any CPU.Build.0 = Release|Any CPU
		{7594A979-99B8-4BD6-9E01-C2EE225C7C16}.Debug|Any CPU.ActiveCfg = Debug|Any CPU
		{7594A979-99B8-4BD6-9E01-C2EE225C7C16}.Debug|Any CPU.Build.0 = Debug|Any CPU
		{7594A979-99B8-4BD6-9E01-C2EE225C7C16}.Release|Any CPU.ActiveCfg = Release|Any CPU
		{7594A979-99B8-4BD6-9E01-C2EE225C7C16}.Release|Any CPU.Build.0 = Release|Any CPU
	EndGlobalSection
	GlobalSection(SolutionProperties) = preSolution
		HideSolutionNode = FALSE
	EndGlobalSection
	GlobalSection(ExtensibilityGlobals) = postSolution
		SolutionGuid = {8AEC6013-1422-4F6E-897B-D4B177B5E816}
	EndGlobalSection
EndGlobal
