
Microsoft Visual Studio Solution File, Format Version 12.00
# Visual Studio Version 16
VisualStudioVersion = 16.0.31702.278
MinimumVisualStudioVersion = 10.0.40219.1
Project("{FAE04EC0-301F-11D3-BF4B-00C04F79EFBC}") = "Casting-Boxing-Unboxing", "Casting-Boxing-Unboxing\Casting-Boxing-Unboxing.csproj", "{52EC510E-F39E-464A-B3CD-FF516C037192}"
EndProject
Project("{FAE04EC0-301F-11D3-BF4B-00C04F79EFBC}") = "Boxing-Unboxing", "Boxing-Unboxing\Boxing-Unboxing.csproj", "{329723DA-B5FE-4794-856B-F6853ADE13EC}"
EndProject
Global
	GlobalSection(SolutionConfigurationPlatforms) = preSolution
		Debug|Any CPU = Debug|Any CPU
		Release|Any CPU = Release|Any CPU
	EndGlobalSection
	GlobalSection(ProjectConfigurationPlatforms) = postSolution
		{52EC510E-F39E-464A-B3CD-FF516C037192}.Debug|Any CPU.ActiveCfg = Debug|Any CPU
		{52EC510E-F39E-464A-B3CD-FF516C037192}.Debug|Any CPU.Build.0 = Debug|Any CPU
		{52EC510E-F39E-464A-B3CD-FF516C037192}.Release|Any CPU.ActiveCfg = Release|Any CPU
		{52EC510E-F39E-464A-B3CD-FF516C037192}.Release|Any CPU.Build.0 = Release|Any CPU
		{329723DA-B5FE-4794-856B-F6853ADE13EC}.Debug|Any CPU.ActiveCfg = Debug|Any CPU
		{329723DA-B5FE-4794-856B-F6853ADE13EC}.Debug|Any CPU.Build.0 = Debug|Any CPU
		{329723DA-B5FE-4794-856B-F6853ADE13EC}.Release|Any CPU.ActiveCfg = Release|Any CPU
		{329723DA-B5FE-4794-856B-F6853ADE13EC}.Release|Any CPU.Build.0 = Release|Any CPU
	EndGlobalSection
	GlobalSection(SolutionProperties) = preSolution
		HideSolutionNode = FALSE
	EndGlobalSection
	GlobalSection(ExtensibilityGlobals) = postSolution
		SolutionGuid = {B4BA28D6-6C66-49D4-9DCA-969F0CF7F95F}
	EndGlobalSection
EndGlobal
