
Microsoft Visual Studio Solution File, Format Version 12.00
# Visual Studio Version 16
VisualStudioVersion = 16.0.31515.178
MinimumVisualStudioVersion = 10.0.40219.1
Project("{FAE04EC0-301F-11D3-BF4B-00C04F79EFBC}") = "IEnumerable", "IEnumerable.csproj", "{EE507E11-E941-480A-A7D2-0A451D78C76A}"
EndProject
Global
	GlobalSection(SolutionConfigurationPlatforms) = preSolution
		Debug|Any CPU = Debug|Any CPU
		Release|Any CPU = Release|Any CPU
	EndGlobalSection
	GlobalSection(ProjectConfigurationPlatforms) = postSolution
		{EE507E11-E941-480A-A7D2-0A451D78C76A}.Debug|Any CPU.ActiveCfg = Debug|Any CPU
		{EE507E11-E941-480A-A7D2-0A451D78C76A}.Debug|Any CPU.Build.0 = Debug|Any CPU
		{EE507E11-E941-480A-A7D2-0A451D78C76A}.Release|Any CPU.ActiveCfg = Release|Any CPU
		{EE507E11-E941-480A-A7D2-0A451D78C76A}.Release|Any CPU.Build.0 = Release|Any CPU
	EndGlobalSection
	GlobalSection(SolutionProperties) = preSolution
		HideSolutionNode = FALSE
	EndGlobalSection
	GlobalSection(ExtensibilityGlobals) = postSolution
		SolutionGuid = {8BD42056-7122-4A6A-881B-A9955F1C6FDF}
	EndGlobalSection
EndGlobal
