
Microsoft Visual Studio Solution File, Format Version 12.00
# Visual Studio Version 16
VisualStudioVersion = 16.0.31321.278
MinimumVisualStudioVersion = 10.0.40219.1
Project("{FAE04EC0-301F-11D3-BF4B-00C04F79EFBC}") = "LinqProject", "LinqProject\LinqProject.csproj", "{3F214FA9-550D-442A-9369-C6E883DD43E4}"
EndProject
Global
	GlobalSection(SolutionConfigurationPlatforms) = preSolution
		Debug|Any CPU = Debug|Any CPU
		Release|Any CPU = Release|Any CPU
	EndGlobalSection
	GlobalSection(ProjectConfigurationPlatforms) = postSolution
		{3F214FA9-550D-442A-9369-C6E883DD43E4}.Debug|Any CPU.ActiveCfg = Debug|Any CPU
		{3F214FA9-550D-442A-9369-C6E883DD43E4}.Debug|Any CPU.Build.0 = Debug|Any CPU
		{3F214FA9-550D-442A-9369-C6E883DD43E4}.Release|Any CPU.ActiveCfg = Release|Any CPU
		{3F214FA9-550D-442A-9369-C6E883DD43E4}.Release|Any CPU.Build.0 = Release|Any CPU
	EndGlobalSection
	GlobalSection(SolutionProperties) = preSolution
		HideSolutionNode = FALSE
	EndGlobalSection
	GlobalSection(ExtensibilityGlobals) = postSolution
		SolutionGuid = {5C338802-41F0-4A88-ABAA-83C2E42B85CB}
	EndGlobalSection
EndGlobal
