
Microsoft Visual Studio Solution File, Format Version 12.00
# Visual Studio Version 16
VisualStudioVersion = 16.0.31702.278
MinimumVisualStudioVersion = 10.0.40219.1
Project("{FAE04EC0-301F-11D3-BF4B-00C04F79EFBC}") = "WindowsFormsApp2", "WindowsFormsApp2\WindowsFormsApp2.csproj", "{F070BDDC-B30E-47F1-8296-7153741B644B}"
EndProject
Global
	GlobalSection(SolutionConfigurationPlatforms) = preSolution
		Debug|Any CPU = Debug|Any CPU
		Release|Any CPU = Release|Any CPU
	EndGlobalSection
	GlobalSection(ProjectConfigurationPlatforms) = postSolution
		{F070BDDC-B30E-47F1-8296-7153741B644B}.Debug|Any CPU.ActiveCfg = Debug|Any CPU
		{F070BDDC-B30E-47F1-8296-7153741B644B}.Debug|Any CPU.Build.0 = Debug|Any CPU
		{F070BDDC-B30E-47F1-8296-7153741B644B}.Release|Any CPU.ActiveCfg = Release|Any CPU
		{F070BDDC-B30E-47F1-8296-7153741B644B}.Release|Any CPU.Build.0 = Release|Any CPU
	EndGlobalSection
	GlobalSection(SolutionProperties) = preSolution
		HideSolutionNode = FALSE
	EndGlobalSection
	GlobalSection(ExtensibilityGlobals) = postSolution
		SolutionGuid = {DA1F02AF-F018-46B9-ADB0-6B061B584871}
	EndGlobalSection
EndGlobal
