
Microsoft Visual Studio Solution File, Format Version 12.00
# Visual Studio Version 16
VisualStudioVersion = 16.0.31515.178
MinimumVisualStudioVersion = 10.0.40219.1
Project("{FAE04EC0-301F-11D3-BF4B-00C04F79EFBC}") = "Entities", "Entities\Entities.csproj", "{26975B1E-0278-49EE-B8AA-6C97F2E94D8A}"
EndProject
Project("{FAE04EC0-301F-11D3-BF4B-00C04F79EFBC}") = "DataAccess", "DataAccess\DataAccess.csproj", "{E3D84589-2989-42B4-913D-0576B68FA6A4}"
EndProject
Project("{FAE04EC0-301F-11D3-BF4B-00C04F79EFBC}") = "Business", "Business\Business.csproj", "{A809F636-16E2-4858-A10B-7C02CD5D3F37}"
EndProject
Project("{FAE04EC0-301F-11D3-BF4B-00C04F79EFBC}") = "WebAPI", "WebAPI\WebAPI.csproj", "{D2A93384-B4CC-42BE-B3C1-FAFFF55EFD48}"
EndProject
Project("{FAE04EC0-301F-11D3-BF4B-00C04F79EFBC}") = "Core", "Core\Core.csproj", "{35BA8C34-E9C0-4998-BCBB-17748DA4B23A}"
EndProject
Global
	GlobalSection(SolutionConfigurationPlatforms) = preSolution
		Debug|Any CPU = Debug|Any CPU
		Release|Any CPU = Release|Any CPU
	EndGlobalSection
	GlobalSection(ProjectConfigurationPlatforms) = postSolution
		{26975B1E-0278-49EE-B8AA-6C97F2E94D8A}.Debug|Any CPU.ActiveCfg = Debug|Any CPU
		{26975B1E-0278-49EE-B8AA-6C97F2E94D8A}.Debug|Any CPU.Build.0 = Debug|Any CPU
		{26975B1E-0278-49EE-B8AA-6C97F2E94D8A}.Release|Any CPU.ActiveCfg = Release|Any CPU
		{26975B1E-0278-49EE-B8AA-6C97F2E94D8A}.Release|Any CPU.Build.0 = Release|Any CPU
		{E3D84589-2989-42B4-913D-0576B68FA6A4}.Debug|Any CPU.ActiveCfg = Debug|Any CPU
		{E3D84589-2989-42B4-913D-0576B68FA6A4}.Debug|Any CPU.Build.0 = Debug|Any CPU
		{E3D84589-2989-42B4-913D-0576B68FA6A4}.Release|Any CPU.ActiveCfg = Release|Any CPU
		{E3D84589-2989-42B4-913D-0576B68FA6A4}.Release|Any CPU.Build.0 = Release|Any CPU
		{A809F636-16E2-4858-A10B-7C02CD5D3F37}.Debug|Any CPU.ActiveCfg = Debug|Any CPU
		{A809F636-16E2-4858-A10B-7C02CD5D3F37}.Debug|Any CPU.Build.0 = Debug|Any CPU
		{A809F636-16E2-4858-A10B-7C02CD5D3F37}.Release|Any CPU.ActiveCfg = Release|Any CPU
		{A809F636-16E2-4858-A10B-7C02CD5D3F37}.Release|Any CPU.Build.0 = Release|Any CPU
		{D2A93384-B4CC-42BE-B3C1-FAFFF55EFD48}.Debug|Any CPU.ActiveCfg = Debug|Any CPU
		{D2A93384-B4CC-42BE-B3C1-FAFFF55EFD48}.Debug|Any CPU.Build.0 = Debug|Any CPU
		{D2A93384-B4CC-42BE-B3C1-FAFFF55EFD48}.Release|Any CPU.ActiveCfg = Release|Any CPU
		{D2A93384-B4CC-42BE-B3C1-FAFFF55EFD48}.Release|Any CPU.Build.0 = Release|Any CPU
		{35BA8C34-E9C0-4998-BCBB-17748DA4B23A}.Debug|Any CPU.ActiveCfg = Debug|Any CPU
		{35BA8C34-E9C0-4998-BCBB-17748DA4B23A}.Debug|Any CPU.Build.0 = Debug|Any CPU
		{35BA8C34-E9C0-4998-BCBB-17748DA4B23A}.Release|Any CPU.ActiveCfg = Release|Any CPU
		{35BA8C34-E9C0-4998-BCBB-17748DA4B23A}.Release|Any CPU.Build.0 = Release|Any CPU
	EndGlobalSection
	GlobalSection(SolutionProperties) = preSolution
		HideSolutionNode = FALSE
	EndGlobalSection
	GlobalSection(ExtensibilityGlobals) = postSolution
		SolutionGuid = {553157A1-151E-406E-9F4C-C89C9803BDF6}
	EndGlobalSection
EndGlobal
