
Microsoft Visual Studio Solution File, Format Version 12.00
# Visual Studio Version 16
VisualStudioVersion = 16.0.31702.278
MinimumVisualStudioVersion = 10.0.40219.1
Project("{FAE04EC0-301F-11D3-BF4B-00C04F79EFBC}") = "ExceptionHandling", "ExceptionHandling\ExceptionHandling.csproj", "{2EE8D40F-DC1E-4A59-A410-5265B32DD238}"
EndProject
Global
	GlobalSection(SolutionConfigurationPlatforms) = preSolution
		Debug|Any CPU = Debug|Any CPU
		Release|Any CPU = Release|Any CPU
	EndGlobalSection
	GlobalSection(ProjectConfigurationPlatforms) = postSolution
		{2EE8D40F-DC1E-4A59-A410-5265B32DD238}.Debug|Any CPU.ActiveCfg = Debug|Any CPU
		{2EE8D40F-DC1E-4A59-A410-5265B32DD238}.Debug|Any CPU.Build.0 = Debug|Any CPU
		{2EE8D40F-DC1E-4A59-A410-5265B32DD238}.Release|Any CPU.ActiveCfg = Release|Any CPU
		{2EE8D40F-DC1E-4A59-A410-5265B32DD238}.Release|Any CPU.Build.0 = Release|Any CPU
	EndGlobalSection
	GlobalSection(SolutionProperties) = preSolution
		HideSolutionNode = FALSE
	EndGlobalSection
	GlobalSection(ExtensibilityGlobals) = postSolution
		SolutionGuid = {37C8D6F4-99F3-489A-8CA9-C089DEEE9234}
	EndGlobalSection
EndGlobal
