
Microsoft Visual Studio Solution File, Format Version 12.00
# Visual Studio Version 16
VisualStudioVersion = 16.0.31321.278
MinimumVisualStudioVersion = 10.0.40219.1
Project("{FAE04EC0-301F-11D3-BF4B-00C04F79EFBC}") = "RecapDemo1", "RecapDemo1\RecapDemo1.csproj", "{D2FC9024-482A-47F1-9DFB-9AE48974A5C2}"
EndProject
Global
	GlobalSection(SolutionConfigurationPlatforms) = preSolution
		Debug|Any CPU = Debug|Any CPU
		Release|Any CPU = Release|Any CPU
	EndGlobalSection
	GlobalSection(ProjectConfigurationPlatforms) = postSolution
		{D2FC9024-482A-47F1-9DFB-9AE48974A5C2}.Debug|Any CPU.ActiveCfg = Debug|Any CPU
		{D2FC9024-482A-47F1-9DFB-9AE48974A5C2}.Debug|Any CPU.Build.0 = Debug|Any CPU
		{D2FC9024-482A-47F1-9DFB-9AE48974A5C2}.Release|Any CPU.ActiveCfg = Release|Any CPU
		{D2FC9024-482A-47F1-9DFB-9AE48974A5C2}.Release|Any CPU.Build.0 = Release|Any CPU
	EndGlobalSection
	GlobalSection(SolutionProperties) = preSolution
		HideSolutionNode = FALSE
	EndGlobalSection
	GlobalSection(ExtensibilityGlobals) = postSolution
		SolutionGuid = {444BC1BF-EBAD-44E6-AE91-58AAE807784C}
	EndGlobalSection
EndGlobal
