
Microsoft Visual Studio Solution File, Format Version 12.00
# Visual Studio Version 16
VisualStudioVersion = 16.0.31321.278
MinimumVisualStudioVersion = 10.0.40219.1
Project("{FAE04EC0-301F-11D3-BF4B-00C04F79EFBC}") = "TredingDemo2", "TredingDemo2\TredingDemo2.csproj", "{A968412D-798D-4467-B798-D3466157134A}"
EndProject
Global
	GlobalSection(SolutionConfigurationPlatforms) = preSolution
		Debug|Any CPU = Debug|Any CPU
		Release|Any CPU = Release|Any CPU
	EndGlobalSection
	GlobalSection(ProjectConfigurationPlatforms) = postSolution
		{A968412D-798D-4467-B798-D3466157134A}.Debug|Any CPU.ActiveCfg = Debug|Any CPU
		{A968412D-798D-4467-B798-D3466157134A}.Debug|Any CPU.Build.0 = Debug|Any CPU
		{A968412D-798D-4467-B798-D3466157134A}.Release|Any CPU.ActiveCfg = Release|Any CPU
		{A968412D-798D-4467-B798-D3466157134A}.Release|Any CPU.Build.0 = Release|Any CPU
	EndGlobalSection
	GlobalSection(SolutionProperties) = preSolution
		HideSolutionNode = FALSE
	EndGlobalSection
	GlobalSection(ExtensibilityGlobals) = postSolution
		SolutionGuid = {626F5DB5-AD57-41ED-8B4A-00E6A4ECE118}
	EndGlobalSection
EndGlobal
