
Microsoft Visual Studio Solution File, Format Version 12.00
# Visual Studio Version 16
VisualStudioVersion = 16.0.31321.278
MinimumVisualStudioVersion = 10.0.40219.1
Project("{9A19103F-16F7-4668-BE54-9A1E7A4F7556}") = "MyLinqProject", "MyLinqProject\MyLinqProject.csproj", "{C92A6627-2C9D-40BB-86F6-CF9CBE4C7E24}"
EndProject
Project("{FAE04EC0-301F-11D3-BF4B-00C04F79EFBC}") = "LinqMethods", "LinqMethods\LinqMethods.csproj", "{43555C13-3D14-456E-937B-B55FE732A024}"
EndProject
Project("{FAE04EC0-301F-11D3-BF4B-00C04F79EFBC}") = "LinqJoin", "LinqJoin\LinqJoin.csproj", "{65106F75-8D17-407C-ADD7-B9EB4296FE91}"
EndProject
Global
	GlobalSection(SolutionConfigurationPlatforms) = preSolution
		Debug|Any CPU = Debug|Any CPU
		Release|Any CPU = Release|Any CPU
	EndGlobalSection
	GlobalSection(ProjectConfigurationPlatforms) = postSolution
		{C92A6627-2C9D-40BB-86F6-CF9CBE4C7E24}.Debug|Any CPU.ActiveCfg = Debug|Any CPU
		{C92A6627-2C9D-40BB-86F6-CF9CBE4C7E24}.Debug|Any CPU.Build.0 = Debug|Any CPU
		{C92A6627-2C9D-40BB-86F6-CF9CBE4C7E24}.Release|Any CPU.ActiveCfg = Release|Any CPU
		{C92A6627-2C9D-40BB-86F6-CF9CBE4C7E24}.Release|Any CPU.Build.0 = Release|Any CPU
		{43555C13-3D14-456E-937B-B55FE732A024}.Debug|Any CPU.ActiveCfg = Debug|Any CPU
		{43555C13-3D14-456E-937B-B55FE732A024}.Debug|Any CPU.Build.0 = Debug|Any CPU
		{43555C13-3D14-456E-937B-B55FE732A024}.Release|Any CPU.ActiveCfg = Release|Any CPU
		{43555C13-3D14-456E-937B-B55FE732A024}.Release|Any CPU.Build.0 = Release|Any CPU
		{65106F75-8D17-407C-ADD7-B9EB4296FE91}.Debug|Any CPU.ActiveCfg = Debug|Any CPU
		{65106F75-8D17-407C-ADD7-B9EB4296FE91}.Debug|Any CPU.Build.0 = Debug|Any CPU
		{65106F75-8D17-407C-ADD7-B9EB4296FE91}.Release|Any CPU.ActiveCfg = Release|Any CPU
		{65106F75-8D17-407C-ADD7-B9EB4296FE91}.Release|Any CPU.Build.0 = Release|Any CPU
	EndGlobalSection
	GlobalSection(SolutionProperties) = preSolution
		HideSolutionNode = FALSE
	EndGlobalSection
	GlobalSection(ExtensibilityGlobals) = postSolution
		SolutionGuid = {B6C43CC0-65D8-434E-8F46-94EBDEC19E46}
	EndGlobalSection
EndGlobal
