
Microsoft Visual Studio Solution File, Format Version 12.00
# Visual Studio Version 16
VisualStudioVersion = 16.0.31515.178
MinimumVisualStudioVersion = 10.0.40219.1
Project("{FAE04EC0-301F-11D3-BF4B-00C04F79EFBC}") = "GenericListAndVarType", "GenericListAndVarType.csproj", "{A9914B2E-63E6-47A5-8A2F-BD544723828D}"
EndProject
Global
	GlobalSection(SolutionConfigurationPlatforms) = preSolution
		Debug|Any CPU = Debug|Any CPU
		Release|Any CPU = Release|Any CPU
	EndGlobalSection
	GlobalSection(ProjectConfigurationPlatforms) = postSolution
		{A9914B2E-63E6-47A5-8A2F-BD544723828D}.Debug|Any CPU.ActiveCfg = Debug|Any CPU
		{A9914B2E-63E6-47A5-8A2F-BD544723828D}.Debug|Any CPU.Build.0 = Debug|Any CPU
		{A9914B2E-63E6-47A5-8A2F-BD544723828D}.Release|Any CPU.ActiveCfg = Release|Any CPU
		{A9914B2E-63E6-47A5-8A2F-BD544723828D}.Release|Any CPU.Build.0 = Release|Any CPU
	EndGlobalSection
	GlobalSection(SolutionProperties) = preSolution
		HideSolutionNode = FALSE
	EndGlobalSection
	GlobalSection(ExtensibilityGlobals) = postSolution
		SolutionGuid = {EDBDA00D-E14C-4370-86EC-4E1D587BF99D}
	EndGlobalSection
EndGlobal
