
Microsoft Visual Studio Solution File, Format Version 12.00
# Visual Studio Version 16
VisualStudioVersion = 16.0.31321.278
MinimumVisualStudioVersion = 10.0.40219.1
Project("{FAE04EC0-301F-11D3-BF4B-00C04F79EFBC}") = "Workaround", "Workaround\Workaround.csproj", "{27C8D30E-64CB-437B-BB0C-0EFF1F7D9E40}"
EndProject
Project("{FAE04EC0-301F-11D3-BF4B-00C04F79EFBC}") = "Entities", "Entities\Entities.csproj", "{34525DE0-BEC7-47ED-8D61-F83D39E52F01}"
EndProject
Project("{FAE04EC0-301F-11D3-BF4B-00C04F79EFBC}") = "Business", "Business\Business.csproj", "{DA56F2C8-10B9-4D51-91A1-D12D6DEA0DDB}"
EndProject
Global
	GlobalSection(SolutionConfigurationPlatforms) = preSolution
		Debug|Any CPU = Debug|Any CPU
		Release|Any CPU = Release|Any CPU
	EndGlobalSection
	GlobalSection(ProjectConfigurationPlatforms) = postSolution
		{27C8D30E-64CB-437B-BB0C-0EFF1F7D9E40}.Debug|Any CPU.ActiveCfg = Debug|Any CPU
		{27C8D30E-64CB-437B-BB0C-0EFF1F7D9E40}.Debug|Any CPU.Build.0 = Debug|Any CPU
		{27C8D30E-64CB-437B-BB0C-0EFF1F7D9E40}.Release|Any CPU.ActiveCfg = Release|Any CPU
		{27C8D30E-64CB-437B-BB0C-0EFF1F7D9E40}.Release|Any CPU.Build.0 = Release|Any CPU
		{34525DE0-BEC7-47ED-8D61-F83D39E52F01}.Debug|Any CPU.ActiveCfg = Debug|Any CPU
		{34525DE0-BEC7-47ED-8D61-F83D39E52F01}.Debug|Any CPU.Build.0 = Debug|Any CPU
		{34525DE0-BEC7-47ED-8D61-F83D39E52F01}.Release|Any CPU.ActiveCfg = Release|Any CPU
		{34525DE0-BEC7-47ED-8D61-F83D39E52F01}.Release|Any CPU.Build.0 = Release|Any CPU
		{DA56F2C8-10B9-4D51-91A1-D12D6DEA0DDB}.Debug|Any CPU.ActiveCfg = Debug|Any CPU
		{DA56F2C8-10B9-4D51-91A1-D12D6DEA0DDB}.Debug|Any CPU.Build.0 = Debug|Any CPU
		{DA56F2C8-10B9-4D51-91A1-D12D6DEA0DDB}.Release|Any CPU.ActiveCfg = Release|Any CPU
		{DA56F2C8-10B9-4D51-91A1-D12D6DEA0DDB}.Release|Any CPU.Build.0 = Release|Any CPU
	EndGlobalSection
	GlobalSection(SolutionProperties) = preSolution
		HideSolutionNode = FALSE
	EndGlobalSection
	GlobalSection(ExtensibilityGlobals) = postSolution
		SolutionGuid = {04946AA3-590D-4EF7-A3BF-A294D88407F4}
	EndGlobalSection
EndGlobal
