
Microsoft Visual Studio Solution File, Format Version 12.00
# Visual Studio Version 16
VisualStudioVersion = 16.0.31515.178
MinimumVisualStudioVersion = 10.0.40219.1
Project("{9A19103F-16F7-4668-BE54-9A1E7A4F7556}") = "ConsoleUI", "ConsoleUI.csproj", "{F909A926-4F65-4820-B5F5-DFBA2204CEB1}"
EndProject
Project("{FAE04EC0-301F-11D3-BF4B-00C04F79EFBC}") = "Entities", "..\Entities\Entities.csproj", "{6B0A9461-E6A3-47B3-9E71-4A5D2F142DD1}"
EndProject
Project("{FAE04EC0-301F-11D3-BF4B-00C04F79EFBC}") = "Business", "..\Business\Business.csproj", "{94C610AE-576E-4CC5-B053-9A1BAD94E567}"
EndProject
Global
	GlobalSection(SolutionConfigurationPlatforms) = preSolution
		Debug|Any CPU = Debug|Any CPU
		Release|Any CPU = Release|Any CPU
	EndGlobalSection
	GlobalSection(ProjectConfigurationPlatforms) = postSolution
		{F909A926-4F65-4820-B5F5-DFBA2204CEB1}.Debug|Any CPU.ActiveCfg = Debug|Any CPU
		{F909A926-4F65-4820-B5F5-DFBA2204CEB1}.Debug|Any CPU.Build.0 = Debug|Any CPU
		{F909A926-4F65-4820-B5F5-DFBA2204CEB1}.Release|Any CPU.ActiveCfg = Release|Any CPU
		{F909A926-4F65-4820-B5F5-DFBA2204CEB1}.Release|Any CPU.Build.0 = Release|Any CPU
		{6B0A9461-E6A3-47B3-9E71-4A5D2F142DD1}.Debug|Any CPU.ActiveCfg = Debug|Any CPU
		{6B0A9461-E6A3-47B3-9E71-4A5D2F142DD1}.Debug|Any CPU.Build.0 = Debug|Any CPU
		{6B0A9461-E6A3-47B3-9E71-4A5D2F142DD1}.Release|Any CPU.ActiveCfg = Release|Any CPU
		{6B0A9461-E6A3-47B3-9E71-4A5D2F142DD1}.Release|Any CPU.Build.0 = Release|Any CPU
		{94C610AE-576E-4CC5-B053-9A1BAD94E567}.Debug|Any CPU.ActiveCfg = Debug|Any CPU
		{94C610AE-576E-4CC5-B053-9A1BAD94E567}.Debug|Any CPU.Build.0 = Debug|Any CPU
		{94C610AE-576E-4CC5-B053-9A1BAD94E567}.Release|Any CPU.ActiveCfg = Release|Any CPU
		{94C610AE-576E-4CC5-B053-9A1BAD94E567}.Release|Any CPU.Build.0 = Release|Any CPU
	EndGlobalSection
	GlobalSection(SolutionProperties) = preSolution
		HideSolutionNode = FALSE
	EndGlobalSection
	GlobalSection(ExtensibilityGlobals) = postSolution
		SolutionGuid = {45891E00-A4F1-4CE7-B0BE-B6FB36D7AEFB}
	EndGlobalSection
EndGlobal
